
Microsoft Visual Studio Solution File, Format Version 12.00
# Visual Studio Version 16
VisualStudioVersion = 16.0.28922.388
MinimumVisualStudioVersion = 10.0.40219.1
Project("{9A19103F-16F7-4668-BE54-9A1E7A4F7556}") = "SmileOutput", "ConsoleApp2\SmileOutput.csproj", "{7DC39FC6-7346-4059-86FC-B42100BC4316}"
EndProject
Global
	GlobalSection(SolutionConfigurationPlatforms) = preSolution
		Debug|Any CPU = Debug|Any CPU
		Release|Any CPU = Release|Any CPU
	EndGlobalSection
	GlobalSection(ProjectConfigurationPlatforms) = postSolution
		{7DC39FC6-7346-4059-86FC-B42100BC4316}.Debug|Any CPU.ActiveCfg = Debug|Any CPU
		{7DC39FC6-7346-4059-86FC-B42100BC4316}.Debug|Any CPU.Build.0 = Debug|Any CPU
		{7DC39FC6-7346-4059-86FC-B42100BC4316}.Release|Any CPU.ActiveCfg = Release|Any CPU
		{7DC39FC6-7346-4059-86FC-B42100BC4316}.Release|Any CPU.Build.0 = Release|Any CPU
	EndGlobalSection
	GlobalSection(SolutionProperties) = preSolution
		HideSolutionNode = FALSE
	EndGlobalSection
	GlobalSection(ExtensibilityGlobals) = postSolution
		SolutionGuid = {5B6A6D44-052D-4B71-80A6-0ABD7FD06AFF}
	EndGlobalSection
EndGlobal
